
Microsoft Visual Studio Solution File, Format Version 12.00
# Visual Studio Version 17
VisualStudioVersion = 17.8.34511.84
MinimumVisualStudioVersion = 10.0.40219.1
Project("{FAE04EC0-301F-11D3-BF4B-00C04F79EFBC}") = "CRUD_Application", "CRUD_Application\CRUD_Application.csproj", "{DBD1BCB5-B451-4271-9283-B366C50B9ECA}"
EndProject
Global
	GlobalSection(SolutionConfigurationPlatforms) = preSolution
		Debug|Any CPU = Debug|Any CPU
		Release|Any CPU = Release|Any CPU
	EndGlobalSection
	GlobalSection(ProjectConfigurationPlatforms) = postSolution
		{DBD1BCB5-B451-4271-9283-B366C50B9ECA}.Debug|Any CPU.ActiveCfg = Debug|Any CPU
		{DBD1BCB5-B451-4271-9283-B366C50B9ECA}.Debug|Any CPU.Build.0 = Debug|Any CPU
		{DBD1BCB5-B451-4271-9283-B366C50B9ECA}.Release|Any CPU.ActiveCfg = Release|Any CPU
		{DBD1BCB5-B451-4271-9283-B366C50B9ECA}.Release|Any CPU.Build.0 = Release|Any CPU
	EndGlobalSection
	GlobalSection(SolutionProperties) = preSolution
		HideSolutionNode = FALSE
	EndGlobalSection
	GlobalSection(ExtensibilityGlobals) = postSolution
		SolutionGuid = {20D8D440-CFDB-45E5-A91B-BACC792FB13F}
	EndGlobalSection
EndGlobal
